
Microsoft Visual Studio Solution File, Format Version 12.00
# Visual Studio Version 16
VisualStudioVersion = 16.0.29424.173
MinimumVisualStudioVersion = 10.0.40219.1
Project("{2150E333-8FDC-42A3-9474-1A3956D46DE8}") = "GLBench", "GLBench", "{CC02DAD8-42F5-4F86-B019-E53962A658E4}"
EndProject
Project("{39E2626F-3545-4960-A6E8-258AD8476CE5}") = "GLBench.Android.Packaging", "GLBench.Android.Packaging\GLBench.Android.Packaging.androidproj", "{E9705E97-F80B-461B-8EB2-577FC9D6310F}"
EndProject
Project("{8BC9CEB8-8B4A-11D0-8D11-00A0C91BC942}") = "GLBench.iOS.Application", "GLBench.iOS.Application\GLBench.iOS.Application.xcodeproj\project.pbxproj", "{3202539C-FBCC-46C4-9C7A-110FEE99B8E9}"
EndProject
Project("{2150E333-8FDC-42A3-9474-1A3956D46DE8}") = "Libraries", "Libraries", "{C73A4455-2902-4E27-8739-B228575EB291}"
EndProject
Project("{8BC9CEB8-8B4A-11D0-8D11-00A0C91BC942}") = "GLBench.Shared", "GLBench.Shared\GLBench.Shared.vcxitems", "{C97E3C73-85F8-4EFA-B5C0-35849ACF0D9F}"
EndProject
Project("{8BC9CEB8-8B4A-11D0-8D11-00A0C91BC942}") = "GLBench.Android.NativeActivity", "GLBench.Android.NativeActivity\GLBench.Android.NativeActivity.vcxproj", "{264F8D7C-7AA8-4962-97DB-C832FF6AF0DC}"
EndProject
Project("{8BC9CEB8-8B4A-11D0-8D11-00A0C91BC942}") = "GLBench.iOS.StaticLibrary", "GLBench.iOS.StaticLibrary\GLBench.iOS.StaticLibrary.vcxproj", "{FD90BDDF-4479-4A14-BEAB-E5165F705F91}"
EndProject
Project("{8BC9CEB8-8B4A-11D0-8D11-00A0C91BC942}") = "GLBench.Windows", "GLBench.Windows\GLBench.Windows.vcxproj", "{37BA05E6-2930-4165-92BF-AE49C438EFC5}"
EndProject
Global
	GlobalSection(SharedMSBuildProjectFiles) = preSolution
		GLBench.Shared\GLBench.Shared.vcxitems*{264f8d7c-7aa8-4962-97db-c832ff6af0dc}*SharedItemsImports = 4
		GLBench.Shared\GLBench.Shared.vcxitems*{c97e3c73-85f8-4efa-b5c0-35849acf0d9f}*SharedItemsImports = 9
		GLBench.Shared\GLBench.Shared.vcxitems*{fd90bddf-4479-4a14-beab-e5165f705f91}*SharedItemsImports = 4
	EndGlobalSection
	GlobalSection(SolutionConfigurationPlatforms) = preSolution
		Debug|ARM = Debug|ARM
		Debug|ARM64 = Debug|ARM64
		Debug|x64 = Debug|x64
		Debug|x86 = Debug|x86
		Release|ARM = Release|ARM
		Release|ARM64 = Release|ARM64
		Release|x64 = Release|x64
		Release|x86 = Release|x86
	EndGlobalSection
	GlobalSection(ProjectConfigurationPlatforms) = postSolution
		{E9705E97-F80B-461B-8EB2-577FC9D6310F}.Debug|ARM.ActiveCfg = Debug|ARM
		{E9705E97-F80B-461B-8EB2-577FC9D6310F}.Debug|ARM.Build.0 = Debug|ARM
		{E9705E97-F80B-461B-8EB2-577FC9D6310F}.Debug|ARM.Deploy.0 = Debug|ARM
		{E9705E97-F80B-461B-8EB2-577FC9D6310F}.Debug|ARM64.ActiveCfg = Debug|ARM64
		{E9705E97-F80B-461B-8EB2-577FC9D6310F}.Debug|ARM64.Build.0 = Debug|ARM64
		{E9705E97-F80B-461B-8EB2-577FC9D6310F}.Debug|ARM64.Deploy.0 = Debug|ARM64
		{E9705E97-F80B-461B-8EB2-577FC9D6310F}.Debug|x64.ActiveCfg = Debug|x64
		{E9705E97-F80B-461B-8EB2-577FC9D6310F}.Debug|x64.Build.0 = Debug|x64
		{E9705E97-F80B-461B-8EB2-577FC9D6310F}.Debug|x64.Deploy.0 = Debug|x64
		{E9705E97-F80B-461B-8EB2-577FC9D6310F}.Debug|x86.ActiveCfg = Debug|x86
		{E9705E97-F80B-461B-8EB2-577FC9D6310F}.Release|ARM.ActiveCfg = Release|ARM
		{E9705E97-F80B-461B-8EB2-577FC9D6310F}.Release|ARM.Build.0 = Release|ARM
		{E9705E97-F80B-461B-8EB2-577FC9D6310F}.Release|ARM.Deploy.0 = Release|ARM
		{E9705E97-F80B-461B-8EB2-577FC9D6310F}.Release|ARM64.ActiveCfg = Release|ARM64
		{E9705E97-F80B-461B-8EB2-577FC9D6310F}.Release|ARM64.Build.0 = Release|ARM64
		{E9705E97-F80B-461B-8EB2-577FC9D6310F}.Release|ARM64.Deploy.0 = Release|ARM64
		{E9705E97-F80B-461B-8EB2-577FC9D6310F}.Release|x64.ActiveCfg = Release|x64
		{E9705E97-F80B-461B-8EB2-577FC9D6310F}.Release|x64.Build.0 = Release|x64
		{E9705E97-F80B-461B-8EB2-577FC9D6310F}.Release|x64.Deploy.0 = Release|x64
		{E9705E97-F80B-461B-8EB2-577FC9D6310F}.Release|x86.ActiveCfg = Release|x86
		{E9705E97-F80B-461B-8EB2-577FC9D6310F}.Release|x86.Build.0 = Release|x86
		{E9705E97-F80B-461B-8EB2-577FC9D6310F}.Release|x86.Deploy.0 = Release|x86
		{3202539C-FBCC-46C4-9C7A-110FEE99B8E9}.Debug|ARM.ActiveCfg = Debug|ARM
		{3202539C-FBCC-46C4-9C7A-110FEE99B8E9}.Debug|ARM.Build.0 = Debug|ARM
		{3202539C-FBCC-46C4-9C7A-110FEE99B8E9}.Debug|ARM.Deploy.0 = Debug|ARM
		{3202539C-FBCC-46C4-9C7A-110FEE99B8E9}.Debug|ARM64.ActiveCfg = Debug|ARM64
		{3202539C-FBCC-46C4-9C7A-110FEE99B8E9}.Debug|ARM64.Build.0 = Debug|ARM64
		{3202539C-FBCC-46C4-9C7A-110FEE99B8E9}.Debug|ARM64.Deploy.0 = Debug|ARM64
		{3202539C-FBCC-46C4-9C7A-110FEE99B8E9}.Debug|x64.ActiveCfg = Debug|x64
		{3202539C-FBCC-46C4-9C7A-110FEE99B8E9}.Debug|x64.Build.0 = Debug|x64
		{3202539C-FBCC-46C4-9C7A-110FEE99B8E9}.Debug|x64.Deploy.0 = Debug|x64
		{3202539C-FBCC-46C4-9C7A-110FEE99B8E9}.Debug|x86.ActiveCfg = Debug|x86
		{3202539C-FBCC-46C4-9C7A-110FEE99B8E9}.Release|ARM.ActiveCfg = Release|ARM
		{3202539C-FBCC-46C4-9C7A-110FEE99B8E9}.Release|ARM.Build.0 = Release|ARM
		{3202539C-FBCC-46C4-9C7A-110FEE99B8E9}.Release|ARM.Deploy.0 = Release|ARM
		{3202539C-FBCC-46C4-9C7A-110FEE99B8E9}.Release|ARM64.ActiveCfg = Release|ARM64
		{3202539C-FBCC-46C4-9C7A-110FEE99B8E9}.Release|ARM64.Build.0 = Release|ARM64
		{3202539C-FBCC-46C4-9C7A-110FEE99B8E9}.Release|ARM64.Deploy.0 = Release|ARM64
		{3202539C-FBCC-46C4-9C7A-110FEE99B8E9}.Release|x64.ActiveCfg = Release|x64
		{3202539C-FBCC-46C4-9C7A-110FEE99B8E9}.Release|x64.Build.0 = Release|x64
		{3202539C-FBCC-46C4-9C7A-110FEE99B8E9}.Release|x64.Deploy.0 = Release|x64
		{3202539C-FBCC-46C4-9C7A-110FEE99B8E9}.Release|x86.ActiveCfg = Release|x86
		{3202539C-FBCC-46C4-9C7A-110FEE99B8E9}.Release|x86.Build.0 = Release|x86
		{3202539C-FBCC-46C4-9C7A-110FEE99B8E9}.Release|x86.Deploy.0 = Release|x86
		{264F8D7C-7AA8-4962-97DB-C832FF6AF0DC}.Debug|ARM.ActiveCfg = Debug|ARM
		{264F8D7C-7AA8-4962-97DB-C832FF6AF0DC}.Debug|ARM.Build.0 = Debug|ARM
		{264F8D7C-7AA8-4962-97DB-C832FF6AF0DC}.Debug|ARM64.ActiveCfg = Debug|ARM64
		{264F8D7C-7AA8-4962-97DB-C832FF6AF0DC}.Debug|ARM64.Build.0 = Debug|ARM64
		{264F8D7C-7AA8-4962-97DB-C832FF6AF0DC}.Debug|x64.ActiveCfg = Debug|x64
		{264F8D7C-7AA8-4962-97DB-C832FF6AF0DC}.Debug|x64.Build.0 = Debug|x64
		{264F8D7C-7AA8-4962-97DB-C832FF6AF0DC}.Debug|x86.ActiveCfg = Debug|x86
		{264F8D7C-7AA8-4962-97DB-C832FF6AF0DC}.Release|ARM.ActiveCfg = Release|ARM
		{264F8D7C-7AA8-4962-97DB-C832FF6AF0DC}.Release|ARM.Build.0 = Release|ARM
		{264F8D7C-7AA8-4962-97DB-C832FF6AF0DC}.Release|ARM64.ActiveCfg = Release|ARM64
		{264F8D7C-7AA8-4962-97DB-C832FF6AF0DC}.Release|ARM64.Build.0 = Release|ARM64
		{264F8D7C-7AA8-4962-97DB-C832FF6AF0DC}.Release|x64.ActiveCfg = Release|x64
		{264F8D7C-7AA8-4962-97DB-C832FF6AF0DC}.Release|x64.Build.0 = Release|x64
		{264F8D7C-7AA8-4962-97DB-C832FF6AF0DC}.Release|x86.ActiveCfg = Release|x86
		{264F8D7C-7AA8-4962-97DB-C832FF6AF0DC}.Release|x86.Build.0 = Release|x86
		{FD90BDDF-4479-4A14-BEAB-E5165F705F91}.Debug|ARM.ActiveCfg = Debug|ARM
		{FD90BDDF-4479-4A14-BEAB-E5165F705F91}.Debug|ARM.Build.0 = Debug|ARM
		{FD90BDDF-4479-4A14-BEAB-E5165F705F91}.Debug|ARM64.ActiveCfg = Debug|ARM64
		{FD90BDDF-4479-4A14-BEAB-E5165F705F91}.Debug|ARM64.Build.0 = Debug|ARM64
		{FD90BDDF-4479-4A14-BEAB-E5165F705F91}.Debug|x64.ActiveCfg = Debug|x64
		{FD90BDDF-4479-4A14-BEAB-E5165F705F91}.Debug|x64.Build.0 = Debug|x64
		{FD90BDDF-4479-4A14-BEAB-E5165F705F91}.Debug|x86.ActiveCfg = Debug|x86
		{FD90BDDF-4479-4A14-BEAB-E5165F705F91}.Release|ARM.ActiveCfg = Release|ARM
		{FD90BDDF-4479-4A14-BEAB-E5165F705F91}.Release|ARM.Build.0 = Release|ARM
		{FD90BDDF-4479-4A14-BEAB-E5165F705F91}.Release|ARM64.ActiveCfg = Release|ARM64
		{FD90BDDF-4479-4A14-BEAB-E5165F705F91}.Release|ARM64.Build.0 = Release|ARM64
		{FD90BDDF-4479-4A14-BEAB-E5165F705F91}.Release|x64.ActiveCfg = Release|x64
		{FD90BDDF-4479-4A14-BEAB-E5165F705F91}.Release|x64.Build.0 = Release|x64
		{FD90BDDF-4479-4A14-BEAB-E5165F705F91}.Release|x86.ActiveCfg = Release|x86
		{FD90BDDF-4479-4A14-BEAB-E5165F705F91}.Release|x86.Build.0 = Release|x86
		{37BA05E6-2930-4165-92BF-AE49C438EFC5}.Debug|ARM.ActiveCfg = Debug|Win32
		{37BA05E6-2930-4165-92BF-AE49C438EFC5}.Debug|ARM64.ActiveCfg = Debug|Win32
		{37BA05E6-2930-4165-92BF-AE49C438EFC5}.Debug|x64.ActiveCfg = Debug|x64
		{37BA05E6-2930-4165-92BF-AE49C438EFC5}.Debug|x64.Build.0 = Debug|x64
		{37BA05E6-2930-4165-92BF-AE49C438EFC5}.Debug|x86.ActiveCfg = Debug|Win32
		{37BA05E6-2930-4165-92BF-AE49C438EFC5}.Debug|x86.Build.0 = Debug|Win32
		{37BA05E6-2930-4165-92BF-AE49C438EFC5}.Release|ARM.ActiveCfg = Release|Win32
		{37BA05E6-2930-4165-92BF-AE49C438EFC5}.Release|ARM64.ActiveCfg = Release|Win32
		{37BA05E6-2930-4165-92BF-AE49C438EFC5}.Release|x64.ActiveCfg = Release|x64
		{37BA05E6-2930-4165-92BF-AE49C438EFC5}.Release|x64.Build.0 = Release|x64
		{37BA05E6-2930-4165-92BF-AE49C438EFC5}.Release|x86.ActiveCfg = Release|Win32
		{37BA05E6-2930-4165-92BF-AE49C438EFC5}.Release|x86.Build.0 = Release|Win32
	EndGlobalSection
	GlobalSection(SolutionProperties) = preSolution
		HideSolutionNode = FALSE
	EndGlobalSection
	GlobalSection(NestedProjects) = preSolution
		{E9705E97-F80B-461B-8EB2-577FC9D6310F} = {CC02DAD8-42F5-4F86-B019-E53962A658E4}
		{3202539C-FBCC-46C4-9C7A-110FEE99B8E9} = {CC02DAD8-42F5-4F86-B019-E53962A658E4}
		{C73A4455-2902-4E27-8739-B228575EB291} = {CC02DAD8-42F5-4F86-B019-E53962A658E4}
		{C97E3C73-85F8-4EFA-B5C0-35849ACF0D9F} = {C73A4455-2902-4E27-8739-B228575EB291}
		{264F8D7C-7AA8-4962-97DB-C832FF6AF0DC} = {C73A4455-2902-4E27-8739-B228575EB291}
		{FD90BDDF-4479-4A14-BEAB-E5165F705F91} = {C73A4455-2902-4E27-8739-B228575EB291}
		{37BA05E6-2930-4165-92BF-AE49C438EFC5} = {CC02DAD8-42F5-4F86-B019-E53962A658E4}
	EndGlobalSection
	GlobalSection(ExtensibilityGlobals) = postSolution
		SolutionGuid = {5E2B7D32-7220-4002-894E-6DE4F74ECAC0}
	EndGlobalSection
EndGlobal
